
Microsoft Visual Studio Solution File, Format Version 12.00
# Visual Studio Version 16
VisualStudioVersion = 16.0.31702.278
MinimumVisualStudioVersion = 10.0.40219.1
Project("{E24C65DC-7377-472B-9ABA-BC803B73C61A}") = "LandingPage", "LandingPage\", "{61E49D3D-79E9-4BF7-944F-0BDE87F82ED4}"
	ProjectSection(WebsiteProperties) = preProject
		TargetFrameworkMoniker = ".NETFramework,Version%3Dv4.8"
		Debug.AspNetCompiler.VirtualPath = "/localhost_1033"
		Debug.AspNetCompiler.PhysicalPath = "LandingPage\"
		Debug.AspNetCompiler.TargetPath = "PrecompiledWeb\localhost_1033\"
		Debug.AspNetCompiler.Updateable = "true"
		Debug.AspNetCompiler.ForceOverwrite = "true"
		Debug.AspNetCompiler.FixedNames = "false"
		Debug.AspNetCompiler.Debug = "True"
		Release.AspNetCompiler.VirtualPath = "/localhost_1033"
		Release.AspNetCompiler.PhysicalPath = "LandingPage\"
		Release.AspNetCompiler.TargetPath = "PrecompiledWeb\localhost_1033\"
		Release.AspNetCompiler.Updateable = "true"
		Release.AspNetCompiler.ForceOverwrite = "true"
		Release.AspNetCompiler.FixedNames = "false"
		Release.AspNetCompiler.Debug = "False"
		VWDPort = "1033"
		SlnRelativePath = "LandingPage\"
		DefaultWebSiteLanguage = "Visual C#"
	EndProjectSection
EndProject
Global
	GlobalSection(SolutionConfigurationPlatforms) = preSolution
		Debug|Any CPU = Debug|Any CPU
	EndGlobalSection
	GlobalSection(ProjectConfigurationPlatforms) = postSolution
		{61E49D3D-79E9-4BF7-944F-0BDE87F82ED4}.Debug|Any CPU.ActiveCfg = Debug|Any CPU
		{61E49D3D-79E9-4BF7-944F-0BDE87F82ED4}.Debug|Any CPU.Build.0 = Debug|Any CPU
	EndGlobalSection
	GlobalSection(SolutionProperties) = preSolution
		HideSolutionNode = FALSE
	EndGlobalSection
	GlobalSection(ExtensibilityGlobals) = postSolution
		SolutionGuid = {8E56B946-1F56-4DE2-BBE5-2C8FACE0D033}
	EndGlobalSection
EndGlobal
